dependencies:
- name: elasticsearch
  repository: https://helm.elastic.co
  version: 7.16.3
- name: kibana
  repository: https://helm.elastic.co
  version: 7.16.3
- name: metricbeat
  repository: https://helm.elastic.co
  version: 7.16.3
- name: filebeat
  repository: https://helm.elastic.co
  version: 7.17.1
digest: sha256:353bd4b67f15c945774d7e11accf5eb21ba2f55cc1a5b802a3a0a906feb58223
generated: "2022-03-23T17:35:28.118494587Z"
