dependencies:
- name: elasticsearch
  repository: https://helm.elastic.co
  version: 7.17.1
- name: kibana
  repository: https://helm.elastic.co
  version: 7.16.3
- name: metricbeat
  repository: https://helm.elastic.co
  version: 7.16.3
- name: filebeat
  repository: https://helm.elastic.co
  version: 7.16.3
digest: sha256:998176eb690788e91df181a112d944ce33e02f00e5be8b14ac4cf6abdc5c526a
generated: "2022-03-23T17:34:51.683339061Z"
